
Microsoft Visual Studio Solution File, Format Version 12.00
# Visual Studio Version 17
VisualStudioVersion = 17.11.35312.102
MinimumVisualStudioVersion = 10.0.40219.1
Project("{FAE04EC0-301F-11D3-BF4B-00C04F79EFBC}") = "BreakingTheCaeserCipher", "BreakingTheCaeserCipher.csproj", "{3C8B0CE2-B0A0-4082-97FE-2DC5187ECAC0}"
EndProject
Global
	GlobalSection(SolutionConfigurationPlatforms) = preSolution
		Debug|Any CPU = Debug|Any CPU
		Release|Any CPU = Release|Any CPU
	EndGlobalSection
	GlobalSection(ProjectConfigurationPlatforms) = postSolution
		{3C8B0CE2-B0A0-4082-97FE-2DC5187ECAC0}.Debug|Any CPU.ActiveCfg = Debug|Any CPU
		{3C8B0CE2-B0A0-4082-97FE-2DC5187ECAC0}.Debug|Any CPU.Build.0 = Debug|Any CPU
		{3C8B0CE2-B0A0-4082-97FE-2DC5187ECAC0}.Release|Any CPU.ActiveCfg = Release|Any CPU
		{3C8B0CE2-B0A0-4082-97FE-2DC5187ECAC0}.Release|Any CPU.Build.0 = Release|Any CPU
	EndGlobalSection
	GlobalSection(SolutionProperties) = preSolution
		HideSolutionNode = FALSE
	EndGlobalSection
	GlobalSection(ExtensibilityGlobals) = postSolution
		SolutionGuid = {589A747E-0BA4-4598-9CB0-2FDE6DB14ACE}
	EndGlobalSection
EndGlobal
