
Microsoft Visual Studio Solution File, Format Version 12.00
# Visual Studio Version 17
VisualStudioVersion = 17.11.35312.102
MinimumVisualStudioVersion = 10.0.40219.1
Project("{FAE04EC0-301F-11D3-BF4B-00C04F79EFBC}") = "CipherRSA", "CipherRSA.csproj", "{630F5524-97FA-40CD-AD89-26E95E9CFAA8}"
EndProject
Global
	GlobalSection(SolutionConfigurationPlatforms) = preSolution
		Debug|Any CPU = Debug|Any CPU
		Release|Any CPU = Release|Any CPU
	EndGlobalSection
	GlobalSection(ProjectConfigurationPlatforms) = postSolution
		{630F5524-97FA-40CD-AD89-26E95E9CFAA8}.Debug|Any CPU.ActiveCfg = Debug|Any CPU
		{630F5524-97FA-40CD-AD89-26E95E9CFAA8}.Debug|Any CPU.Build.0 = Debug|Any CPU
		{630F5524-97FA-40CD-AD89-26E95E9CFAA8}.Release|Any CPU.ActiveCfg = Release|Any CPU
		{630F5524-97FA-40CD-AD89-26E95E9CFAA8}.Release|Any CPU.Build.0 = Release|Any CPU
	EndGlobalSection
	GlobalSection(SolutionProperties) = preSolution
		HideSolutionNode = FALSE
	EndGlobalSection
	GlobalSection(ExtensibilityGlobals) = postSolution
		SolutionGuid = {55DA9C9F-AE16-4636-9865-5F63E12B0BB9}
	EndGlobalSection
EndGlobal
