
Microsoft Visual Studio Solution File, Format Version 12.00
# Visual Studio Version 17
VisualStudioVersion = 17.4.33213.308
MinimumVisualStudioVersion = 10.0.40219.1
Project("{FAE04EC0-301F-11D3-BF4B-00C04F79EFBC}") = "TranspositionCipher", "TranspositionCipher.csproj", "{BC76BA30-3E1D-4EFF-9BE4-BF924DEB775C}"
EndProject
Global
	GlobalSection(SolutionConfigurationPlatforms) = preSolution
		Debug|Any CPU = Debug|Any CPU
		Release|Any CPU = Release|Any CPU
	EndGlobalSection
	GlobalSection(ProjectConfigurationPlatforms) = postSolution
		{BC76BA30-3E1D-4EFF-9BE4-BF924DEB775C}.Debug|Any CPU.ActiveCfg = Debug|Any CPU
		{BC76BA30-3E1D-4EFF-9BE4-BF924DEB775C}.Debug|Any CPU.Build.0 = Debug|Any CPU
		{BC76BA30-3E1D-4EFF-9BE4-BF924DEB775C}.Release|Any CPU.ActiveCfg = Release|Any CPU
		{BC76BA30-3E1D-4EFF-9BE4-BF924DEB775C}.Release|Any CPU.Build.0 = Release|Any CPU
	EndGlobalSection
	GlobalSection(SolutionProperties) = preSolution
		HideSolutionNode = FALSE
	EndGlobalSection
	GlobalSection(ExtensibilityGlobals) = postSolution
		SolutionGuid = {C9D25901-6BC1-48F9-AD01-7EF7ADE56FBF}
	EndGlobalSection
EndGlobal
