
Microsoft Visual Studio Solution File, Format Version 12.00
# Visual Studio Version 17
VisualStudioVersion = 17.11.35312.102
MinimumVisualStudioVersion = 10.0.40219.1
Project("{FAE04EC0-301F-11D3-BF4B-00C04F79EFBC}") = "GammaCipher", "GammaCipher.csproj", "{94E50BAE-8C44-4B22-A5E7-98C44E473807}"
EndProject
Global
	GlobalSection(SolutionConfigurationPlatforms) = preSolution
		Debug|Any CPU = Debug|Any CPU
		Release|Any CPU = Release|Any CPU
	EndGlobalSection
	GlobalSection(ProjectConfigurationPlatforms) = postSolution
		{94E50BAE-8C44-4B22-A5E7-98C44E473807}.Debug|Any CPU.ActiveCfg = Debug|Any CPU
		{94E50BAE-8C44-4B22-A5E7-98C44E473807}.Debug|Any CPU.Build.0 = Debug|Any CPU
		{94E50BAE-8C44-4B22-A5E7-98C44E473807}.Release|Any CPU.ActiveCfg = Release|Any CPU
		{94E50BAE-8C44-4B22-A5E7-98C44E473807}.Release|Any CPU.Build.0 = Release|Any CPU
	EndGlobalSection
	GlobalSection(SolutionProperties) = preSolution
		HideSolutionNode = FALSE
	EndGlobalSection
	GlobalSection(ExtensibilityGlobals) = postSolution
		SolutionGuid = {4CDF5E00-B56C-4AF5-BABB-0B30FFCAD17C}
	EndGlobalSection
EndGlobal
