
Microsoft Visual Studio Solution File, Format Version 12.00
# Visual Studio Version 17
VisualStudioVersion = 17.11.35312.102
MinimumVisualStudioVersion = 10.0.40219.1
Project("{FAE04EC0-301F-11D3-BF4B-00C04F79EFBC}") = "Hill'sCipher", "Hill'sCipher.csproj", "{4AF1A8D7-1881-4B8A-B3E4-20AB8E6CFD3A}"
EndProject
Global
	GlobalSection(SolutionConfigurationPlatforms) = preSolution
		Debug|Any CPU = Debug|Any CPU
		Release|Any CPU = Release|Any CPU
	EndGlobalSection
	GlobalSection(ProjectConfigurationPlatforms) = postSolution
		{4AF1A8D7-1881-4B8A-B3E4-20AB8E6CFD3A}.Debug|Any CPU.ActiveCfg = Debug|Any CPU
		{4AF1A8D7-1881-4B8A-B3E4-20AB8E6CFD3A}.Debug|Any CPU.Build.0 = Debug|Any CPU
		{4AF1A8D7-1881-4B8A-B3E4-20AB8E6CFD3A}.Release|Any CPU.ActiveCfg = Release|Any CPU
		{4AF1A8D7-1881-4B8A-B3E4-20AB8E6CFD3A}.Release|Any CPU.Build.0 = Release|Any CPU
	EndGlobalSection
	GlobalSection(SolutionProperties) = preSolution
		HideSolutionNode = FALSE
	EndGlobalSection
	GlobalSection(ExtensibilityGlobals) = postSolution
		SolutionGuid = {16FF13F8-770B-470B-B9D7-651604B4F80A}
	EndGlobalSection
EndGlobal
